
Microsoft Visual Studio Solution File, Format Version 11.00
# Visual Studio 2010
Project("{FAE04EC0-301F-11D3-BF4B-00C04F79EFBC}") = "Assembly-CSharp", "Assembly-CSharp.csproj", "{7e502efe-ed77-a0ef-62dd-de2ba4f6e221}"
EndProject
Global
	GlobalSection(SolutionConfigurationPlatforms) = preSolution
		Debug|Any CPU = Debug|Any CPU
		Release|Any CPU = Release|Any CPU
	EndGlobalSection
	GlobalSection(ProjectConfigurationPlatforms) = postSolution
		{7e502efe-ed77-a0ef-62dd-de2ba4f6e221}.Debug|Any CPU.ActiveCfg = Debug|Any CPU
		{7e502efe-ed77-a0ef-62dd-de2ba4f6e221}.Debug|Any CPU.Build.0 = Debug|Any CPU
		{7e502efe-ed77-a0ef-62dd-de2ba4f6e221}.Release|Any CPU.ActiveCfg = Release|Any CPU
		{7e502efe-ed77-a0ef-62dd-de2ba4f6e221}.Release|Any CPU.Build.0 = Release|Any CPU
	EndGlobalSection
	GlobalSection(SolutionProperties) = preSolution
		HideSolutionNode = FALSE
	EndGlobalSection
EndGlobal
